
Microsoft Visual Studio Solution File, Format Version 12.00
# Visual Studio 14
VisualStudioVersion = 14.0.25420.1
MinimumVisualStudioVersion = 10.0.40219.1
Project("{FAE04EC0-301F-11D3-BF4B-00C04F79EFBC}") = "Cats", "Cats\Cats\Cats.csproj", "{5E9223C4-7ADE-4FB9-9C38-241E3DC198B2}"
EndProject
Project("{FAE04EC0-301F-11D3-BF4B-00C04F79EFBC}") = "Cats.Droid", "Cats\Cats.Droid\Cats.Droid.csproj", "{B9F90E33-B16D-4DED-AB47-9FA94AE46FBF}"
EndProject
Project("{FAE04EC0-301F-11D3-BF4B-00C04F79EFBC}") = "Cats.iOS", "Cats\Cats.iOS\Cats.iOS.csproj", "{5AC825DC-5030-4C5D-9D82-5B6655B3A54C}"
EndProject
Project("{FAE04EC0-301F-11D3-BF4B-00C04F79EFBC}") = "Cats.WinPhone", "Cats\Cats.WinPhone\Cats.WinPhone.csproj", "{617EB48C-ECC1-4421-BE2D-81CAE9AB5183}"
EndProject
Project("{FAE04EC0-301F-11D3-BF4B-00C04F79EFBC}") = "Cats.UWP", "Cats\Cats.UWP\Cats.UWP.csproj", "{4C9F6E34-1D5C-4CE5-A643-59E18EB376C8}"
EndProject
Project("{FAE04EC0-301F-11D3-BF4B-00C04F79EFBC}") = "Cats.Windows", "Cats\Cats.Windows\Cats.Windows.csproj", "{89C19495-045F-4F1E-960A-273974DAB315}"
EndProject
Global
	GlobalSection(SolutionConfigurationPlatforms) = preSolution
		Ad-Hoc|Any CPU = Ad-Hoc|Any CPU
		Ad-Hoc|ARM = Ad-Hoc|ARM
		Ad-Hoc|iPhone = Ad-Hoc|iPhone
		Ad-Hoc|iPhoneSimulator = Ad-Hoc|iPhoneSimulator
		Ad-Hoc|x64 = Ad-Hoc|x64
		Ad-Hoc|x86 = Ad-Hoc|x86
		AppStore|Any CPU = AppStore|Any CPU
		AppStore|ARM = AppStore|ARM
		AppStore|iPhone = AppStore|iPhone
		AppStore|iPhoneSimulator = AppStore|iPhoneSimulator
		AppStore|x64 = AppStore|x64
		AppStore|x86 = AppStore|x86
		Debug|Any CPU = Debug|Any CPU
		Debug|ARM = Debug|ARM
		Debug|iPhone = Debug|iPhone
		Debug|iPhoneSimulator = Debug|iPhoneSimulator
		Debug|x64 = Debug|x64
		Debug|x86 = Debug|x86
		Release|Any CPU = Release|Any CPU
		Release|ARM = Release|ARM
		Release|iPhone = Release|iPhone
		Release|iPhoneSimulator = Release|iPhoneSimulator
		Release|x64 = Release|x64
		Release|x86 = Release|x86
	EndGlobalSection
	GlobalSection(ProjectConfigurationPlatforms) = postSolution
		{5E9223C4-7ADE-4FB9-9C38-241E3DC198B2}.Ad-Hoc|Any CPU.ActiveCfg = Release|Any CPU
		{5E9223C4-7ADE-4FB9-9C38-241E3DC198B2}.Ad-Hoc|Any CPU.Build.0 = Release|Any CPU
		{5E9223C4-7ADE-4FB9-9C38-241E3DC198B2}.Ad-Hoc|ARM.ActiveCfg = Release|Any CPU
		{5E9223C4-7ADE-4FB9-9C38-241E3DC198B2}.Ad-Hoc|ARM.Build.0 = Release|Any CPU
		{5E9223C4-7ADE-4FB9-9C38-241E3DC198B2}.Ad-Hoc|iPhone.ActiveCfg = Release|Any CPU
		{5E9223C4-7ADE-4FB9-9C38-241E3DC198B2}.Ad-Hoc|iPhone.Build.0 = Release|Any CPU
		{5E9223C4-7ADE-4FB9-9C38-241E3DC198B2}.Ad-Hoc|iPhoneSimulator.ActiveCfg = Release|Any CPU
		{5E9223C4-7ADE-4FB9-9C38-241E3DC198B2}.Ad-Hoc|iPhoneSimulator.Build.0 = Release|Any CPU
		{5E9223C4-7ADE-4FB9-9C38-241E3DC198B2}.Ad-Hoc|x64.ActiveCfg = Release|Any CPU
		{5E9223C4-7ADE-4FB9-9C38-241E3DC198B2}.Ad-Hoc|x64.Build.0 = Release|Any CPU
		{5E9223C4-7ADE-4FB9-9C38-241E3DC198B2}.Ad-Hoc|x86.ActiveCfg = Release|Any CPU
		{5E9223C4-7ADE-4FB9-9C38-241E3DC198B2}.Ad-Hoc|x86.Build.0 = Release|Any CPU
		{5E9223C4-7ADE-4FB9-9C38-241E3DC198B2}.AppStore|Any CPU.ActiveCfg = Release|Any CPU
		{5E9223C4-7ADE-4FB9-9C38-241E3DC198B2}.AppStore|Any CPU.Build.0 = Release|Any CPU
		{5E9223C4-7ADE-4FB9-9C38-241E3DC198B2}.AppStore|ARM.ActiveCfg = Release|Any CPU
		{5E9223C4-7ADE-4FB9-9C38-241E3DC198B2}.AppStore|ARM.Build.0 = Release|Any CPU
		{5E9223C4-7ADE-4FB9-9C38-241E3DC198B2}.AppStore|iPhone.ActiveCfg = Release|Any CPU
		{5E9223C4-7ADE-4FB9-9C38-241E3DC198B2}.AppStore|iPhone.Build.0 = Release|Any CPU
		{5E9223C4-7ADE-4FB9-9C38-241E3DC198B2}.AppStore|iPhoneSimulator.ActiveCfg = Release|Any CPU
		{5E9223C4-7ADE-4FB9-9C38-241E3DC198B2}.AppStore|iPhoneSimulator.Build.0 = Release|Any CPU
		{5E9223C4-7ADE-4FB9-9C38-241E3DC198B2}.AppStore|x64.ActiveCfg = Release|Any CPU
		{5E9223C4-7ADE-4FB9-9C38-241E3DC198B2}.AppStore|x64.Build.0 = Release|Any CPU
		{5E9223C4-7ADE-4FB9-9C38-241E3DC198B2}.AppStore|x86.ActiveCfg = Release|Any CPU
		{5E9223C4-7ADE-4FB9-9C38-241E3DC198B2}.AppStore|x86.Build.0 = Release|Any CPU
		{5E9223C4-7ADE-4FB9-9C38-241E3DC198B2}.Debug|Any CPU.ActiveCfg = Debug|Any CPU
		{5E9223C4-7ADE-4FB9-9C38-241E3DC198B2}.Debug|Any CPU.Build.0 = Debug|Any CPU
		{5E9223C4-7ADE-4FB9-9C38-241E3DC198B2}.Debug|ARM.ActiveCfg = Debug|Any CPU
		{5E9223C4-7ADE-4FB9-9C38-241E3DC198B2}.Debug|ARM.Build.0 = Debug|Any CPU
		{5E9223C4-7ADE-4FB9-9C38-241E3DC198B2}.Debug|iPhone.ActiveCfg = Debug|Any CPU
		{5E9223C4-7ADE-4FB9-9C38-241E3DC198B2}.Debug|iPhone.Build.0 = Debug|Any CPU
		{5E9223C4-7ADE-4FB9-9C38-241E3DC198B2}.Debug|iPhoneSimulator.ActiveCfg = Debug|Any CPU
		{5E9223C4-7ADE-4FB9-9C38-241E3DC198B2}.Debug|iPhoneSimulator.Build.0 = Debug|Any CPU
		{5E9223C4-7ADE-4FB9-9C38-241E3DC198B2}.Debug|x64.ActiveCfg = Debug|Any CPU
		{5E9223C4-7ADE-4FB9-9C38-241E3DC198B2}.Debug|x64.Build.0 = Debug|Any CPU
		{5E9223C4-7ADE-4FB9-9C38-241E3DC198B2}.Debug|x86.ActiveCfg = Debug|Any CPU
		{5E9223C4-7ADE-4FB9-9C38-241E3DC198B2}.Debug|x86.Build.0 = Debug|Any CPU
		{5E9223C4-7ADE-4FB9-9C38-241E3DC198B2}.Release|Any CPU.ActiveCfg = Release|Any CPU
		{5E9223C4-7ADE-4FB9-9C38-241E3DC198B2}.Release|Any CPU.Build.0 = Release|Any CPU
		{5E9223C4-7ADE-4FB9-9C38-241E3DC198B2}.Release|ARM.ActiveCfg = Release|Any CPU
		{5E9223C4-7ADE-4FB9-9C38-241E3DC198B2}.Release|ARM.Build.0 = Release|Any CPU
		{5E9223C4-7ADE-4FB9-9C38-241E3DC198B2}.Release|iPhone.ActiveCfg = Release|Any CPU
		{5E9223C4-7ADE-4FB9-9C38-241E3DC198B2}.Release|iPhone.Build.0 = Release|Any CPU
		{5E9223C4-7ADE-4FB9-9C38-241E3DC198B2}.Release|iPhoneSimulator.ActiveCfg = Release|Any CPU
		{5E9223C4-7ADE-4FB9-9C38-241E3DC198B2}.Release|iPhoneSimulator.Build.0 = Release|Any CPU
		{5E9223C4-7ADE-4FB9-9C38-241E3DC198B2}.Release|x64.ActiveCfg = Release|Any CPU
		{5E9223C4-7ADE-4FB9-9C38-241E3DC198B2}.Release|x64.Build.0 = Release|Any CPU
		{5E9223C4-7ADE-4FB9-9C38-241E3DC198B2}.Release|x86.ActiveCfg = Release|Any CPU
		{5E9223C4-7ADE-4FB9-9C38-241E3DC198B2}.Release|x86.Build.0 = Release|Any CPU
		{B9F90E33-B16D-4DED-AB47-9FA94AE46FBF}.Ad-Hoc|Any CPU.ActiveCfg = Release|Any CPU
		{B9F90E33-B16D-4DED-AB47-9FA94AE46FBF}.Ad-Hoc|Any CPU.Build.0 = Release|Any CPU
		{B9F90E33-B16D-4DED-AB47-9FA94AE46FBF}.Ad-Hoc|Any CPU.Deploy.0 = Release|Any CPU
		{B9F90E33-B16D-4DED-AB47-9FA94AE46FBF}.Ad-Hoc|ARM.ActiveCfg = Release|Any CPU
		{B9F90E33-B16D-4DED-AB47-9FA94AE46FBF}.Ad-Hoc|ARM.Build.0 = Release|Any CPU
		{B9F90E33-B16D-4DED-AB47-9FA94AE46FBF}.Ad-Hoc|ARM.Deploy.0 = Release|Any CPU
		{B9F90E33-B16D-4DED-AB47-9FA94AE46FBF}.Ad-Hoc|iPhone.ActiveCfg = Release|Any CPU
		{B9F90E33-B16D-4DED-AB47-9FA94AE46FBF}.Ad-Hoc|iPhone.Build.0 = Release|Any CPU
		{B9F90E33-B16D-4DED-AB47-9FA94AE46FBF}.Ad-Hoc|iPhone.Deploy.0 = Release|Any CPU
		{B9F90E33-B16D-4DED-AB47-9FA94AE46FBF}.Ad-Hoc|iPhoneSimulator.ActiveCfg = Release|Any CPU
		{B9F90E33-B16D-4DED-AB47-9FA94AE46FBF}.Ad-Hoc|iPhoneSimulator.Build.0 = Release|Any CPU
		{B9F90E33-B16D-4DED-AB47-9FA94AE46FBF}.Ad-Hoc|iPhoneSimulator.Deploy.0 = Release|Any CPU
		{B9F90E33-B16D-4DED-AB47-9FA94AE46FBF}.Ad-Hoc|x64.ActiveCfg = Release|Any CPU
		{B9F90E33-B16D-4DED-AB47-9FA94AE46FBF}.Ad-Hoc|x64.Build.0 = Release|Any CPU
		{B9F90E33-B16D-4DED-AB47-9FA94AE46FBF}.Ad-Hoc|x64.Deploy.0 = Release|Any CPU
		{B9F90E33-B16D-4DED-AB47-9FA94AE46FBF}.Ad-Hoc|x86.ActiveCfg = Release|Any CPU
		{B9F90E33-B16D-4DED-AB47-9FA94AE46FBF}.Ad-Hoc|x86.Build.0 = Release|Any CPU
		{B9F90E33-B16D-4DED-AB47-9FA94AE46FBF}.Ad-Hoc|x86.Deploy.0 = Release|Any CPU
		{B9F90E33-B16D-4DED-AB47-9FA94AE46FBF}.AppStore|Any CPU.ActiveCfg = Release|Any CPU
		{B9F90E33-B16D-4DED-AB47-9FA94AE46FBF}.AppStore|Any CPU.Build.0 = Release|Any CPU
		{B9F90E33-B16D-4DED-AB47-9FA94AE46FBF}.AppStore|Any CPU.Deploy.0 = Release|Any CPU
		{B9F90E33-B16D-4DED-AB47-9FA94AE46FBF}.AppStore|ARM.ActiveCfg = Release|Any CPU
		{B9F90E33-B16D-4DED-AB47-9FA94AE46FBF}.AppStore|ARM.Build.0 = Release|Any CPU
		{B9F90E33-B16D-4DED-AB47-9FA94AE46FBF}.AppStore|ARM.Deploy.0 = Release|Any CPU
		{B9F90E33-B16D-4DED-AB47-9FA94AE46FBF}.AppStore|iPhone.ActiveCfg = Release|Any CPU
		{B9F90E33-B16D-4DED-AB47-9FA94AE46FBF}.AppStore|iPhone.Build.0 = Release|Any CPU
		{B9F90E33-B16D-4DED-AB47-9FA94AE46FBF}.AppStore|iPhone.Deploy.0 = Release|Any CPU
		{B9F90E33-B16D-4DED-AB47-9FA94AE46FBF}.AppStore|iPhoneSimulator.ActiveCfg = Release|Any CPU
		{B9F90E33-B16D-4DED-AB47-9FA94AE46FBF}.AppStore|iPhoneSimulator.Build.0 = Release|Any CPU
		{B9F90E33-B16D-4DED-AB47-9FA94AE46FBF}.AppStore|iPhoneSimulator.Deploy.0 = Release|Any CPU
		{B9F90E33-B16D-4DED-AB47-9FA94AE46FBF}.AppStore|x64.ActiveCfg = Release|Any CPU
		{B9F90E33-B16D-4DED-AB47-9FA94AE46FBF}.AppStore|x64.Build.0 = Release|Any CPU
		{B9F90E33-B16D-4DED-AB47-9FA94AE46FBF}.AppStore|x64.Deploy.0 = Release|Any CPU
		{B9F90E33-B16D-4DED-AB47-9FA94AE46FBF}.AppStore|x86.ActiveCfg = Release|Any CPU
		{B9F90E33-B16D-4DED-AB47-9FA94AE46FBF}.AppStore|x86.Build.0 = Release|Any CPU
		{B9F90E33-B16D-4DED-AB47-9FA94AE46FBF}.AppStore|x86.Deploy.0 = Release|Any CPU
		{B9F90E33-B16D-4DED-AB47-9FA94AE46FBF}.Debug|Any CPU.ActiveCfg = Debug|Any CPU
		{B9F90E33-B16D-4DED-AB47-9FA94AE46FBF}.Debug|Any CPU.Build.0 = Debug|Any CPU
		{B9F90E33-B16D-4DED-AB47-9FA94AE46FBF}.Debug|Any CPU.Deploy.0 = Debug|Any CPU
		{B9F90E33-B16D-4DED-AB47-9FA94AE46FBF}.Debug|ARM.ActiveCfg = Debug|Any CPU
		{B9F90E33-B16D-4DED-AB47-9FA94AE46FBF}.Debug|ARM.Build.0 = Debug|Any CPU
		{B9F90E33-B16D-4DED-AB47-9FA94AE46FBF}.Debug|ARM.Deploy.0 = Debug|Any CPU
		{B9F90E33-B16D-4DED-AB47-9FA94AE46FBF}.Debug|iPhone.ActiveCfg = Debug|Any CPU
		{B9F90E33-B16D-4DED-AB47-9FA94AE46FBF}.Debug|iPhone.Build.0 = Debug|Any CPU
		{B9F90E33-B16D-4DED-AB47-9FA94AE46FBF}.Debug|iPhone.Deploy.0 = Debug|Any CPU
		{B9F90E33-B16D-4DED-AB47-9FA94AE46FBF}.Debug|iPhoneSimulator.ActiveCfg = Debug|Any CPU
		{B9F90E33-B16D-4DED-AB47-9FA94AE46FBF}.Debug|iPhoneSimulator.Build.0 = Debug|Any CPU
		{B9F90E33-B16D-4DED-AB47-9FA94AE46FBF}.Debug|iPhoneSimulator.Deploy.0 = Debug|Any CPU
		{B9F90E33-B16D-4DED-AB47-9FA94AE46FBF}.Debug|x64.ActiveCfg = Debug|Any CPU
		{B9F90E33-B16D-4DED-AB47-9FA94AE46FBF}.Debug|x64.Build.0 = Debug|Any CPU
		{B9F90E33-B16D-4DED-AB47-9FA94AE46FBF}.Debug|x64.Deploy.0 = Debug|Any CPU
		{B9F90E33-B16D-4DED-AB47-9FA94AE46FBF}.Debug|x86.ActiveCfg = Debug|Any CPU
		{B9F90E33-B16D-4DED-AB47-9FA94AE46FBF}.Debug|x86.Build.0 = Debug|Any CPU
		{B9F90E33-B16D-4DED-AB47-9FA94AE46FBF}.Debug|x86.Deploy.0 = Debug|Any CPU
		{B9F90E33-B16D-4DED-AB47-9FA94AE46FBF}.Release|Any CPU.ActiveCfg = Release|Any CPU
		{B9F90E33-B16D-4DED-AB47-9FA94AE46FBF}.Release|Any CPU.Build.0 = Release|Any CPU
		{B9F90E33-B16D-4DED-AB47-9FA94AE46FBF}.Release|Any CPU.Deploy.0 = Release|Any CPU
		{B9F90E33-B16D-4DED-AB47-9FA94AE46FBF}.Release|ARM.ActiveCfg = Release|Any CPU
		{B9F90E33-B16D-4DED-AB47-9FA94AE46FBF}.Release|ARM.Build.0 = Release|Any CPU
		{B9F90E33-B16D-4DED-AB47-9FA94AE46FBF}.Release|ARM.Deploy.0 = Release|Any CPU
		{B9F90E33-B16D-4DED-AB47-9FA94AE46FBF}.Release|iPhone.ActiveCfg = Release|Any CPU
		{B9F90E33-B16D-4DED-AB47-9FA94AE46FBF}.Release|iPhone.Build.0 = Release|Any CPU
		{B9F90E33-B16D-4DED-AB47-9FA94AE46FBF}.Release|iPhone.Deploy.0 = Release|Any CPU
		{B9F90E33-B16D-4DED-AB47-9FA94AE46FBF}.Release|iPhoneSimulator.ActiveCfg = Release|Any CPU
		{B9F90E33-B16D-4DED-AB47-9FA94AE46FBF}.Release|iPhoneSimulator.Build.0 = Release|Any CPU
		{B9F90E33-B16D-4DED-AB47-9FA94AE46FBF}.Release|iPhoneSimulator.Deploy.0 = Release|Any CPU
		{B9F90E33-B16D-4DED-AB47-9FA94AE46FBF}.Release|x64.ActiveCfg = Release|Any CPU
		{B9F90E33-B16D-4DED-AB47-9FA94AE46FBF}.Release|x64.Build.0 = Release|Any CPU
		{B9F90E33-B16D-4DED-AB47-9FA94AE46FBF}.Release|x64.Deploy.0 = Release|Any CPU
		{B9F90E33-B16D-4DED-AB47-9FA94AE46FBF}.Release|x86.ActiveCfg = Release|Any CPU
		{B9F90E33-B16D-4DED-AB47-9FA94AE46FBF}.Release|x86.Build.0 = Release|Any CPU
		{B9F90E33-B16D-4DED-AB47-9FA94AE46FBF}.Release|x86.Deploy.0 = Release|Any CPU
		{5AC825DC-5030-4C5D-9D82-5B6655B3A54C}.Ad-Hoc|Any CPU.ActiveCfg = Ad-Hoc|iPhone
		{5AC825DC-5030-4C5D-9D82-5B6655B3A54C}.Ad-Hoc|ARM.ActiveCfg = Ad-Hoc|iPhone
		{5AC825DC-5030-4C5D-9D82-5B6655B3A54C}.Ad-Hoc|iPhone.ActiveCfg = Ad-Hoc|iPhone
		{5AC825DC-5030-4C5D-9D82-5B6655B3A54C}.Ad-Hoc|iPhone.Build.0 = Ad-Hoc|iPhone
		{5AC825DC-5030-4C5D-9D82-5B6655B3A54C}.Ad-Hoc|iPhoneSimulator.ActiveCfg = Ad-Hoc|iPhoneSimulator
		{5AC825DC-5030-4C5D-9D82-5B6655B3A54C}.Ad-Hoc|iPhoneSimulator.Build.0 = Ad-Hoc|iPhoneSimulator
		{5AC825DC-5030-4C5D-9D82-5B6655B3A54C}.Ad-Hoc|x64.ActiveCfg = Ad-Hoc|iPhone
		{5AC825DC-5030-4C5D-9D82-5B6655B3A54C}.Ad-Hoc|x86.ActiveCfg = Ad-Hoc|iPhone
		{5AC825DC-5030-4C5D-9D82-5B6655B3A54C}.AppStore|Any CPU.ActiveCfg = AppStore|iPhone
		{5AC825DC-5030-4C5D-9D82-5B6655B3A54C}.AppStore|ARM.ActiveCfg = AppStore|iPhone
		{5AC825DC-5030-4C5D-9D82-5B6655B3A54C}.AppStore|iPhone.ActiveCfg = AppStore|iPhone
		{5AC825DC-5030-4C5D-9D82-5B6655B3A54C}.AppStore|iPhone.Build.0 = AppStore|iPhone
		{5AC825DC-5030-4C5D-9D82-5B6655B3A54C}.AppStore|iPhoneSimulator.ActiveCfg = AppStore|iPhoneSimulator
		{5AC825DC-5030-4C5D-9D82-5B6655B3A54C}.AppStore|iPhoneSimulator.Build.0 = AppStore|iPhoneSimulator
		{5AC825DC-5030-4C5D-9D82-5B6655B3A54C}.AppStore|x64.ActiveCfg = AppStore|iPhone
		{5AC825DC-5030-4C5D-9D82-5B6655B3A54C}.AppStore|x86.ActiveCfg = AppStore|iPhone
		{5AC825DC-5030-4C5D-9D82-5B6655B3A54C}.Debug|Any CPU.ActiveCfg = Debug|iPhone
		{5AC825DC-5030-4C5D-9D82-5B6655B3A54C}.Debug|ARM.ActiveCfg = Debug|iPhone
		{5AC825DC-5030-4C5D-9D82-5B6655B3A54C}.Debug|iPhone.ActiveCfg = Debug|iPhone
		{5AC825DC-5030-4C5D-9D82-5B6655B3A54C}.Debug|iPhone.Build.0 = Debug|iPhone
		{5AC825DC-5030-4C5D-9D82-5B6655B3A54C}.Debug|iPhoneSimulator.ActiveCfg = Debug|iPhoneSimulator
		{5AC825DC-5030-4C5D-9D82-5B6655B3A54C}.Debug|iPhoneSimulator.Build.0 = Debug|iPhoneSimulator
		{5AC825DC-5030-4C5D-9D82-5B6655B3A54C}.Debug|x64.ActiveCfg = Debug|iPhone
		{5AC825DC-5030-4C5D-9D82-5B6655B3A54C}.Debug|x86.ActiveCfg = Debug|iPhone
		{5AC825DC-5030-4C5D-9D82-5B6655B3A54C}.Release|Any CPU.ActiveCfg = Release|iPhone
		{5AC825DC-5030-4C5D-9D82-5B6655B3A54C}.Release|ARM.ActiveCfg = Release|iPhone
		{5AC825DC-5030-4C5D-9D82-5B6655B3A54C}.Release|iPhone.ActiveCfg = Release|iPhone
		{5AC825DC-5030-4C5D-9D82-5B6655B3A54C}.Release|iPhone.Build.0 = Release|iPhone
		{5AC825DC-5030-4C5D-9D82-5B6655B3A54C}.Release|iPhoneSimulator.ActiveCfg = Release|iPhoneSimulator
		{5AC825DC-5030-4C5D-9D82-5B6655B3A54C}.Release|iPhoneSimulator.Build.0 = Release|iPhoneSimulator
		{5AC825DC-5030-4C5D-9D82-5B6655B3A54C}.Release|x64.ActiveCfg = Release|iPhone
		{5AC825DC-5030-4C5D-9D82-5B6655B3A54C}.Release|x86.ActiveCfg = Release|iPhone
		{617EB48C-ECC1-4421-BE2D-81CAE9AB5183}.Ad-Hoc|Any CPU.ActiveCfg = Release|Any CPU
		{617EB48C-ECC1-4421-BE2D-81CAE9AB5183}.Ad-Hoc|Any CPU.Build.0 = Release|Any CPU
		{617EB48C-ECC1-4421-BE2D-81CAE9AB5183}.Ad-Hoc|Any CPU.Deploy.0 = Release|Any CPU
		{617EB48C-ECC1-4421-BE2D-81CAE9AB5183}.Ad-Hoc|ARM.ActiveCfg = Release|ARM
		{617EB48C-ECC1-4421-BE2D-81CAE9AB5183}.Ad-Hoc|ARM.Build.0 = Release|ARM
		{617EB48C-ECC1-4421-BE2D-81CAE9AB5183}.Ad-Hoc|ARM.Deploy.0 = Release|ARM
		{617EB48C-ECC1-4421-BE2D-81CAE9AB5183}.Ad-Hoc|iPhone.ActiveCfg = Release|Any CPU
		{617EB48C-ECC1-4421-BE2D-81CAE9AB5183}.Ad-Hoc|iPhone.Build.0 = Release|Any CPU
		{617EB48C-ECC1-4421-BE2D-81CAE9AB5183}.Ad-Hoc|iPhone.Deploy.0 = Release|Any CPU
		{617EB48C-ECC1-4421-BE2D-81CAE9AB5183}.Ad-Hoc|iPhoneSimulator.ActiveCfg = Release|Any CPU
		{617EB48C-ECC1-4421-BE2D-81CAE9AB5183}.Ad-Hoc|iPhoneSimulator.Build.0 = Release|Any CPU
		{617EB48C-ECC1-4421-BE2D-81CAE9AB5183}.Ad-Hoc|iPhoneSimulator.Deploy.0 = Release|Any CPU
		{617EB48C-ECC1-4421-BE2D-81CAE9AB5183}.Ad-Hoc|x64.ActiveCfg = Release|Any CPU
		{617EB48C-ECC1-4421-BE2D-81CAE9AB5183}.Ad-Hoc|x64.Build.0 = Release|Any CPU
		{617EB48C-ECC1-4421-BE2D-81CAE9AB5183}.Ad-Hoc|x64.Deploy.0 = Release|Any CPU
		{617EB48C-ECC1-4421-BE2D-81CAE9AB5183}.Ad-Hoc|x86.ActiveCfg = Release|x86
		{617EB48C-ECC1-4421-BE2D-81CAE9AB5183}.Ad-Hoc|x86.Build.0 = Release|x86
		{617EB48C-ECC1-4421-BE2D-81CAE9AB5183}.Ad-Hoc|x86.Deploy.0 = Release|x86
		{617EB48C-ECC1-4421-BE2D-81CAE9AB5183}.AppStore|Any CPU.ActiveCfg = Release|Any CPU
		{617EB48C-ECC1-4421-BE2D-81CAE9AB5183}.AppStore|Any CPU.Build.0 = Release|Any CPU
		{617EB48C-ECC1-4421-BE2D-81CAE9AB5183}.AppStore|Any CPU.Deploy.0 = Release|Any CPU
		{617EB48C-ECC1-4421-BE2D-81CAE9AB5183}.AppStore|ARM.ActiveCfg = Release|ARM
		{617EB48C-ECC1-4421-BE2D-81CAE9AB5183}.AppStore|ARM.Build.0 = Release|ARM
		{617EB48C-ECC1-4421-BE2D-81CAE9AB5183}.AppStore|ARM.Deploy.0 = Release|ARM
		{617EB48C-ECC1-4421-BE2D-81CAE9AB5183}.AppStore|iPhone.ActiveCfg = Release|Any CPU
		{617EB48C-ECC1-4421-BE2D-81CAE9AB5183}.AppStore|iPhone.Build.0 = Release|Any CPU
		{617EB48C-ECC1-4421-BE2D-81CAE9AB5183}.AppStore|iPhone.Deploy.0 = Release|Any CPU
		{617EB48C-ECC1-4421-BE2D-81CAE9AB5183}.AppStore|iPhoneSimulator.ActiveCfg = Release|Any CPU
		{617EB48C-ECC1-4421-BE2D-81CAE9AB5183}.AppStore|iPhoneSimulator.Build.0 = Release|Any CPU
		{617EB48C-ECC1-4421-BE2D-81CAE9AB5183}.AppStore|iPhoneSimulator.Deploy.0 = Release|Any CPU
		{617EB48C-ECC1-4421-BE2D-81CAE9AB5183}.AppStore|x64.ActiveCfg = Release|Any CPU
		{617EB48C-ECC1-4421-BE2D-81CAE9AB5183}.AppStore|x64.Build.0 = Release|Any CPU
		{617EB48C-ECC1-4421-BE2D-81CAE9AB5183}.AppStore|x64.Deploy.0 = Release|Any CPU
		{617EB48C-ECC1-4421-BE2D-81CAE9AB5183}.AppStore|x86.ActiveCfg = Release|x86
		{617EB48C-ECC1-4421-BE2D-81CAE9AB5183}.AppStore|x86.Build.0 = Release|x86
		{617EB48C-ECC1-4421-BE2D-81CAE9AB5183}.AppStore|x86.Deploy.0 = Release|x86
		{617EB48C-ECC1-4421-BE2D-81CAE9AB5183}.Debug|Any CPU.ActiveCfg = Debug|Any CPU
		{617EB48C-ECC1-4421-BE2D-81CAE9AB5183}.Debug|ARM.ActiveCfg = Debug|ARM
		{617EB48C-ECC1-4421-BE2D-81CAE9AB5183}.Debug|ARM.Build.0 = Debug|ARM
		{617EB48C-ECC1-4421-BE2D-81CAE9AB5183}.Debug|ARM.Deploy.0 = Debug|ARM
		{617EB48C-ECC1-4421-BE2D-81CAE9AB5183}.Debug|iPhone.ActiveCfg = Debug|Any CPU
		{617EB48C-ECC1-4421-BE2D-81CAE9AB5183}.Debug|iPhone.Build.0 = Debug|Any CPU
		{617EB48C-ECC1-4421-BE2D-81CAE9AB5183}.Debug|iPhone.Deploy.0 = Debug|Any CPU
		{617EB48C-ECC1-4421-BE2D-81CAE9AB5183}.Debug|iPhoneSimulator.ActiveCfg = Debug|Any CPU
		{617EB48C-ECC1-4421-BE2D-81CAE9AB5183}.Debug|iPhoneSimulator.Build.0 = Debug|Any CPU
		{617EB48C-ECC1-4421-BE2D-81CAE9AB5183}.Debug|iPhoneSimulator.Deploy.0 = Debug|Any CPU
		{617EB48C-ECC1-4421-BE2D-81CAE9AB5183}.Debug|x64.ActiveCfg = Debug|Any CPU
		{617EB48C-ECC1-4421-BE2D-81CAE9AB5183}.Debug|x64.Build.0 = Debug|Any CPU
		{617EB48C-ECC1-4421-BE2D-81CAE9AB5183}.Debug|x64.Deploy.0 = Debug|Any CPU
		{617EB48C-ECC1-4421-BE2D-81CAE9AB5183}.Debug|x86.ActiveCfg = Debug|x86
		{617EB48C-ECC1-4421-BE2D-81CAE9AB5183}.Debug|x86.Build.0 = Debug|x86
		{617EB48C-ECC1-4421-BE2D-81CAE9AB5183}.Debug|x86.Deploy.0 = Debug|x86
		{617EB48C-ECC1-4421-BE2D-81CAE9AB5183}.Release|Any CPU.ActiveCfg = Release|Any CPU
		{617EB48C-ECC1-4421-BE2D-81CAE9AB5183}.Release|Any CPU.Build.0 = Release|Any CPU
		{617EB48C-ECC1-4421-BE2D-81CAE9AB5183}.Release|Any CPU.Deploy.0 = Release|Any CPU
		{617EB48C-ECC1-4421-BE2D-81CAE9AB5183}.Release|ARM.ActiveCfg = Release|ARM
		{617EB48C-ECC1-4421-BE2D-81CAE9AB5183}.Release|ARM.Build.0 = Release|ARM
		{617EB48C-ECC1-4421-BE2D-81CAE9AB5183}.Release|ARM.Deploy.0 = Release|ARM
		{617EB48C-ECC1-4421-BE2D-81CAE9AB5183}.Release|iPhone.ActiveCfg = Release|Any CPU
		{617EB48C-ECC1-4421-BE2D-81CAE9AB5183}.Release|iPhone.Build.0 = Release|Any CPU
		{617EB48C-ECC1-4421-BE2D-81CAE9AB5183}.Release|iPhone.Deploy.0 = Release|Any CPU
		{617EB48C-ECC1-4421-BE2D-81CAE9AB5183}.Release|iPhoneSimulator.ActiveCfg = Release|Any CPU
		{617EB48C-ECC1-4421-BE2D-81CAE9AB5183}.Release|iPhoneSimulator.Build.0 = Release|Any CPU
		{617EB48C-ECC1-4421-BE2D-81CAE9AB5183}.Release|iPhoneSimulator.Deploy.0 = Release|Any CPU
		{617EB48C-ECC1-4421-BE2D-81CAE9AB5183}.Release|x64.ActiveCfg = Release|Any CPU
		{617EB48C-ECC1-4421-BE2D-81CAE9AB5183}.Release|x64.Build.0 = Release|Any CPU
		{617EB48C-ECC1-4421-BE2D-81CAE9AB5183}.Release|x64.Deploy.0 = Release|Any CPU
		{617EB48C-ECC1-4421-BE2D-81CAE9AB5183}.Release|x86.ActiveCfg = Release|x86
		{617EB48C-ECC1-4421-BE2D-81CAE9AB5183}.Release|x86.Build.0 = Release|x86
		{617EB48C-ECC1-4421-BE2D-81CAE9AB5183}.Release|x86.Deploy.0 = Release|x86
		{4C9F6E34-1D5C-4CE5-A643-59E18EB376C8}.Ad-Hoc|Any CPU.ActiveCfg = Release|x86
		{4C9F6E34-1D5C-4CE5-A643-59E18EB376C8}.Ad-Hoc|Any CPU.Build.0 = Release|x86
		{4C9F6E34-1D5C-4CE5-A643-59E18EB376C8}.Ad-Hoc|Any CPU.Deploy.0 = Release|x86
		{4C9F6E34-1D5C-4CE5-A643-59E18EB376C8}.Ad-Hoc|ARM.ActiveCfg = Release|ARM
		{4C9F6E34-1D5C-4CE5-A643-59E18EB376C8}.Ad-Hoc|ARM.Build.0 = Release|ARM
		{4C9F6E34-1D5C-4CE5-A643-59E18EB376C8}.Ad-Hoc|ARM.Deploy.0 = Release|ARM
		{4C9F6E34-1D5C-4CE5-A643-59E18EB376C8}.Ad-Hoc|iPhone.ActiveCfg = Release|x86
		{4C9F6E34-1D5C-4CE5-A643-59E18EB376C8}.Ad-Hoc|iPhone.Build.0 = Release|x86
		{4C9F6E34-1D5C-4CE5-A643-59E18EB376C8}.Ad-Hoc|iPhone.Deploy.0 = Release|x86
		{4C9F6E34-1D5C-4CE5-A643-59E18EB376C8}.Ad-Hoc|iPhoneSimulator.ActiveCfg = Release|x86
		{4C9F6E34-1D5C-4CE5-A643-59E18EB376C8}.Ad-Hoc|iPhoneSimulator.Build.0 = Release|x86
		{4C9F6E34-1D5C-4CE5-A643-59E18EB376C8}.Ad-Hoc|iPhoneSimulator.Deploy.0 = Release|x86
		{4C9F6E34-1D5C-4CE5-A643-59E18EB376C8}.Ad-Hoc|x64.ActiveCfg = Release|x64
		{4C9F6E34-1D5C-4CE5-A643-59E18EB376C8}.Ad-Hoc|x64.Build.0 = Release|x64
		{4C9F6E34-1D5C-4CE5-A643-59E18EB376C8}.Ad-Hoc|x64.Deploy.0 = Release|x64
		{4C9F6E34-1D5C-4CE5-A643-59E18EB376C8}.Ad-Hoc|x86.ActiveCfg = Release|x86
		{4C9F6E34-1D5C-4CE5-A643-59E18EB376C8}.Ad-Hoc|x86.Build.0 = Release|x86
		{4C9F6E34-1D5C-4CE5-A643-59E18EB376C8}.Ad-Hoc|x86.Deploy.0 = Release|x86
		{4C9F6E34-1D5C-4CE5-A643-59E18EB376C8}.AppStore|Any CPU.ActiveCfg = Release|x86
		{4C9F6E34-1D5C-4CE5-A643-59E18EB376C8}.AppStore|Any CPU.Build.0 = Release|x86
		{4C9F6E34-1D5C-4CE5-A643-59E18EB376C8}.AppStore|Any CPU.Deploy.0 = Release|x86
		{4C9F6E34-1D5C-4CE5-A643-59E18EB376C8}.AppStore|ARM.ActiveCfg = Release|ARM
		{4C9F6E34-1D5C-4CE5-A643-59E18EB376C8}.AppStore|ARM.Build.0 = Release|ARM
		{4C9F6E34-1D5C-4CE5-A643-59E18EB376C8}.AppStore|ARM.Deploy.0 = Release|ARM
		{4C9F6E34-1D5C-4CE5-A643-59E18EB376C8}.AppStore|iPhone.ActiveCfg = Release|x86
		{4C9F6E34-1D5C-4CE5-A643-59E18EB376C8}.AppStore|iPhone.Build.0 = Release|x86
		{4C9F6E34-1D5C-4CE5-A643-59E18EB376C8}.AppStore|iPhone.Deploy.0 = Release|x86
		{4C9F6E34-1D5C-4CE5-A643-59E18EB376C8}.AppStore|iPhoneSimulator.ActiveCfg = Release|x86
		{4C9F6E34-1D5C-4CE5-A643-59E18EB376C8}.AppStore|iPhoneSimulator.Build.0 = Release|x86
		{4C9F6E34-1D5C-4CE5-A643-59E18EB376C8}.AppStore|iPhoneSimulator.Deploy.0 = Release|x86
		{4C9F6E34-1D5C-4CE5-A643-59E18EB376C8}.AppStore|x64.ActiveCfg = Release|x64
		{4C9F6E34-1D5C-4CE5-A643-59E18EB376C8}.AppStore|x64.Build.0 = Release|x64
		{4C9F6E34-1D5C-4CE5-A643-59E18EB376C8}.AppStore|x64.Deploy.0 = Release|x64
		{4C9F6E34-1D5C-4CE5-A643-59E18EB376C8}.AppStore|x86.ActiveCfg = Release|x86
		{4C9F6E34-1D5C-4CE5-A643-59E18EB376C8}.AppStore|x86.Build.0 = Release|x86
		{4C9F6E34-1D5C-4CE5-A643-59E18EB376C8}.AppStore|x86.Deploy.0 = Release|x86
		{4C9F6E34-1D5C-4CE5-A643-59E18EB376C8}.Debug|Any CPU.ActiveCfg = Debug|x86
		{4C9F6E34-1D5C-4CE5-A643-59E18EB376C8}.Debug|Any CPU.Build.0 = Debug|x86
		{4C9F6E34-1D5C-4CE5-A643-59E18EB376C8}.Debug|Any CPU.Deploy.0 = Debug|x86
		{4C9F6E34-1D5C-4CE5-A643-59E18EB376C8}.Debug|ARM.ActiveCfg = Debug|ARM
		{4C9F6E34-1D5C-4CE5-A643-59E18EB376C8}.Debug|ARM.Build.0 = Debug|ARM
		{4C9F6E34-1D5C-4CE5-A643-59E18EB376C8}.Debug|ARM.Deploy.0 = Debug|ARM
		{4C9F6E34-1D5C-4CE5-A643-59E18EB376C8}.Debug|iPhone.ActiveCfg = Debug|x86
		{4C9F6E34-1D5C-4CE5-A643-59E18EB376C8}.Debug|iPhoneSimulator.ActiveCfg = Debug|x86
		{4C9F6E34-1D5C-4CE5-A643-59E18EB376C8}.Debug|x64.ActiveCfg = Debug|x64
		{4C9F6E34-1D5C-4CE5-A643-59E18EB376C8}.Debug|x64.Build.0 = Debug|x64
		{4C9F6E34-1D5C-4CE5-A643-59E18EB376C8}.Debug|x64.Deploy.0 = Debug|x64
		{4C9F6E34-1D5C-4CE5-A643-59E18EB376C8}.Debug|x86.ActiveCfg = Debug|x86
		{4C9F6E34-1D5C-4CE5-A643-59E18EB376C8}.Debug|x86.Build.0 = Debug|x86
		{4C9F6E34-1D5C-4CE5-A643-59E18EB376C8}.Debug|x86.Deploy.0 = Debug|x86
		{4C9F6E34-1D5C-4CE5-A643-59E18EB376C8}.Release|Any CPU.ActiveCfg = Release|x86
		{4C9F6E34-1D5C-4CE5-A643-59E18EB376C8}.Release|ARM.ActiveCfg = Release|ARM
		{4C9F6E34-1D5C-4CE5-A643-59E18EB376C8}.Release|ARM.Build.0 = Release|ARM
		{4C9F6E34-1D5C-4CE5-A643-59E18EB376C8}.Release|ARM.Deploy.0 = Release|ARM
		{4C9F6E34-1D5C-4CE5-A643-59E18EB376C8}.Release|iPhone.ActiveCfg = Release|x86
		{4C9F6E34-1D5C-4CE5-A643-59E18EB376C8}.Release|iPhoneSimulator.ActiveCfg = Release|x86
		{4C9F6E34-1D5C-4CE5-A643-59E18EB376C8}.Release|x64.ActiveCfg = Release|x64
		{4C9F6E34-1D5C-4CE5-A643-59E18EB376C8}.Release|x64.Build.0 = Release|x64
		{4C9F6E34-1D5C-4CE5-A643-59E18EB376C8}.Release|x64.Deploy.0 = Release|x64
		{4C9F6E34-1D5C-4CE5-A643-59E18EB376C8}.Release|x86.ActiveCfg = Release|x86
		{4C9F6E34-1D5C-4CE5-A643-59E18EB376C8}.Release|x86.Build.0 = Release|x86
		{4C9F6E34-1D5C-4CE5-A643-59E18EB376C8}.Release|x86.Deploy.0 = Release|x86
		{89C19495-045F-4F1E-960A-273974DAB315}.Ad-Hoc|Any CPU.ActiveCfg = Release|Any CPU
		{89C19495-045F-4F1E-960A-273974DAB315}.Ad-Hoc|Any CPU.Build.0 = Release|Any CPU
		{89C19495-045F-4F1E-960A-273974DAB315}.Ad-Hoc|Any CPU.Deploy.0 = Release|Any CPU
		{89C19495-045F-4F1E-960A-273974DAB315}.Ad-Hoc|ARM.ActiveCfg = Release|ARM
		{89C19495-045F-4F1E-960A-273974DAB315}.Ad-Hoc|ARM.Build.0 = Release|ARM
		{89C19495-045F-4F1E-960A-273974DAB315}.Ad-Hoc|ARM.Deploy.0 = Release|ARM
		{89C19495-045F-4F1E-960A-273974DAB315}.Ad-Hoc|iPhone.ActiveCfg = Release|Any CPU
		{89C19495-045F-4F1E-960A-273974DAB315}.Ad-Hoc|iPhone.Build.0 = Release|Any CPU
		{89C19495-045F-4F1E-960A-273974DAB315}.Ad-Hoc|iPhone.Deploy.0 = Release|Any CPU
		{89C19495-045F-4F1E-960A-273974DAB315}.Ad-Hoc|iPhoneSimulator.ActiveCfg = Release|Any CPU
		{89C19495-045F-4F1E-960A-273974DAB315}.Ad-Hoc|iPhoneSimulator.Build.0 = Release|Any CPU
		{89C19495-045F-4F1E-960A-273974DAB315}.Ad-Hoc|iPhoneSimulator.Deploy.0 = Release|Any CPU
		{89C19495-045F-4F1E-960A-273974DAB315}.Ad-Hoc|x64.ActiveCfg = Release|x64
		{89C19495-045F-4F1E-960A-273974DAB315}.Ad-Hoc|x64.Build.0 = Release|x64
		{89C19495-045F-4F1E-960A-273974DAB315}.Ad-Hoc|x64.Deploy.0 = Release|x64
		{89C19495-045F-4F1E-960A-273974DAB315}.Ad-Hoc|x86.ActiveCfg = Release|x86
		{89C19495-045F-4F1E-960A-273974DAB315}.Ad-Hoc|x86.Build.0 = Release|x86
		{89C19495-045F-4F1E-960A-273974DAB315}.Ad-Hoc|x86.Deploy.0 = Release|x86
		{89C19495-045F-4F1E-960A-273974DAB315}.AppStore|Any CPU.ActiveCfg = Release|Any CPU
		{89C19495-045F-4F1E-960A-273974DAB315}.AppStore|Any CPU.Build.0 = Release|Any CPU
		{89C19495-045F-4F1E-960A-273974DAB315}.AppStore|Any CPU.Deploy.0 = Release|Any CPU
		{89C19495-045F-4F1E-960A-273974DAB315}.AppStore|ARM.ActiveCfg = Release|ARM
		{89C19495-045F-4F1E-960A-273974DAB315}.AppStore|ARM.Build.0 = Release|ARM
		{89C19495-045F-4F1E-960A-273974DAB315}.AppStore|ARM.Deploy.0 = Release|ARM
		{89C19495-045F-4F1E-960A-273974DAB315}.AppStore|iPhone.ActiveCfg = Release|Any CPU
		{89C19495-045F-4F1E-960A-273974DAB315}.AppStore|iPhone.Build.0 = Release|Any CPU
		{89C19495-045F-4F1E-960A-273974DAB315}.AppStore|iPhone.Deploy.0 = Release|Any CPU
		{89C19495-045F-4F1E-960A-273974DAB315}.AppStore|iPhoneSimulator.ActiveCfg = Release|Any CPU
		{89C19495-045F-4F1E-960A-273974DAB315}.AppStore|iPhoneSimulator.Build.0 = Release|Any CPU
		{89C19495-045F-4F1E-960A-273974DAB315}.AppStore|iPhoneSimulator.Deploy.0 = Release|Any CPU
		{89C19495-045F-4F1E-960A-273974DAB315}.AppStore|x64.ActiveCfg = Release|x64
		{89C19495-045F-4F1E-960A-273974DAB315}.AppStore|x64.Build.0 = Release|x64
		{89C19495-045F-4F1E-960A-273974DAB315}.AppStore|x64.Deploy.0 = Release|x64
		{89C19495-045F-4F1E-960A-273974DAB315}.AppStore|x86.ActiveCfg = Release|x86
		{89C19495-045F-4F1E-960A-273974DAB315}.AppStore|x86.Build.0 = Release|x86
		{89C19495-045F-4F1E-960A-273974DAB315}.AppStore|x86.Deploy.0 = Release|x86
		{89C19495-045F-4F1E-960A-273974DAB315}.Debug|Any CPU.ActiveCfg = Debug|Any CPU
		{89C19495-045F-4F1E-960A-273974DAB315}.Debug|ARM.ActiveCfg = Debug|ARM
		{89C19495-045F-4F1E-960A-273974DAB315}.Debug|ARM.Build.0 = Debug|ARM
		{89C19495-045F-4F1E-960A-273974DAB315}.Debug|ARM.Deploy.0 = Debug|ARM
		{89C19495-045F-4F1E-960A-273974DAB315}.Debug|iPhone.ActiveCfg = Debug|Any CPU
		{89C19495-045F-4F1E-960A-273974DAB315}.Debug|iPhone.Build.0 = Debug|Any CPU
		{89C19495-045F-4F1E-960A-273974DAB315}.Debug|iPhone.Deploy.0 = Debug|Any CPU
		{89C19495-045F-4F1E-960A-273974DAB315}.Debug|iPhoneSimulator.ActiveCfg = Debug|Any CPU
		{89C19495-045F-4F1E-960A-273974DAB315}.Debug|iPhoneSimulator.Build.0 = Debug|Any CPU
		{89C19495-045F-4F1E-960A-273974DAB315}.Debug|iPhoneSimulator.Deploy.0 = Debug|Any CPU
		{89C19495-045F-4F1E-960A-273974DAB315}.Debug|x64.ActiveCfg = Debug|x64
		{89C19495-045F-4F1E-960A-273974DAB315}.Debug|x64.Build.0 = Debug|x64
		{89C19495-045F-4F1E-960A-273974DAB315}.Debug|x64.Deploy.0 = Debug|x64
		{89C19495-045F-4F1E-960A-273974DAB315}.Debug|x86.ActiveCfg = Debug|x86
		{89C19495-045F-4F1E-960A-273974DAB315}.Debug|x86.Build.0 = Debug|x86
		{89C19495-045F-4F1E-960A-273974DAB315}.Debug|x86.Deploy.0 = Debug|x86
		{89C19495-045F-4F1E-960A-273974DAB315}.Release|Any CPU.ActiveCfg = Release|Any CPU
		{89C19495-045F-4F1E-960A-273974DAB315}.Release|Any CPU.Build.0 = Release|Any CPU
		{89C19495-045F-4F1E-960A-273974DAB315}.Release|Any CPU.Deploy.0 = Release|Any CPU
		{89C19495-045F-4F1E-960A-273974DAB315}.Release|ARM.ActiveCfg = Release|ARM
		{89C19495-045F-4F1E-960A-273974DAB315}.Release|ARM.Build.0 = Release|ARM
		{89C19495-045F-4F1E-960A-273974DAB315}.Release|ARM.Deploy.0 = Release|ARM
		{89C19495-045F-4F1E-960A-273974DAB315}.Release|iPhone.ActiveCfg = Release|Any CPU
		{89C19495-045F-4F1E-960A-273974DAB315}.Release|iPhone.Build.0 = Release|Any CPU
		{89C19495-045F-4F1E-960A-273974DAB315}.Release|iPhone.Deploy.0 = Release|Any CPU
		{89C19495-045F-4F1E-960A-273974DAB315}.Release|iPhoneSimulator.ActiveCfg = Release|Any CPU
		{89C19495-045F-4F1E-960A-273974DAB315}.Release|iPhoneSimulator.Build.0 = Release|Any CPU
		{89C19495-045F-4F1E-960A-273974DAB315}.Release|iPhoneSimulator.Deploy.0 = Release|Any CPU
		{89C19495-045F-4F1E-960A-273974DAB315}.Release|x64.ActiveCfg = Release|x64
		{89C19495-045F-4F1E-960A-273974DAB315}.Release|x64.Build.0 = Release|x64
		{89C19495-045F-4F1E-960A-273974DAB315}.Release|x64.Deploy.0 = Release|x64
		{89C19495-045F-4F1E-960A-273974DAB315}.Release|x86.ActiveCfg = Release|x86
		{89C19495-045F-4F1E-960A-273974DAB315}.Release|x86.Build.0 = Release|x86
		{89C19495-045F-4F1E-960A-273974DAB315}.Release|x86.Deploy.0 = Release|x86
	EndGlobalSection
	GlobalSection(SolutionProperties) = preSolution
		HideSolutionNode = FALSE
	EndGlobalSection
EndGlobal
